
Microsoft Visual Studio Solution File, Format Version 12.00
# Visual Studio Version 17
VisualStudioVersion = 17.12.35506.116
MinimumVisualStudioVersion = 10.0.40219.1
Project("{2150E333-8FDC-42A3-9474-1A3956D46DE8}") = "src", "src", "{524721B8-A366-403F-92FC-3CE3157FA579}"
EndProject
Project("{2150E333-8FDC-42A3-9474-1A3956D46DE8}") = "Services", "Services", "{EE7CE619-8FC1-41E6-B3F1-9D3D21004701}"
EndProject
Project("{2150E333-8FDC-42A3-9474-1A3956D46DE8}") = "MaternityHospital", "MaternityHospital", "{C7E9E865-D9AE-41EF-874B-4F9C0E2D9F32}"
EndProject
Project("{9A19103F-16F7-4668-BE54-9A1E7A4F7556}") = "MaternityHospital.Api", "Services\MaternityHospital\MaternityHospital.Api\MaternityHospital.Api.csproj", "{4DB4E64C-7E3E-47B5-AB24-3427A2B09A04}"
EndProject
Project("{9A19103F-16F7-4668-BE54-9A1E7A4F7556}") = "MaternityHospital.Domain", "Services\MaternityHospital\MaternityHospital.Domain\MaternityHospital.Domain.csproj", "{D187BE68-96C7-40A0-B57D-06CD4492142A}"
EndProject
Project("{FAE04EC0-301F-11D3-BF4B-00C04F79EFBC}") = "MaternityHospital.EntityGenerator", "Services\MaternityHospital\MaternityHospital.EntityGenerator\MaternityHospital.EntityGenerator.csproj", "{49DC114F-5952-4336-983A-523F32E2C7DB}"
EndProject
Global
	GlobalSection(SolutionConfigurationPlatforms) = preSolution
		Debug|Any CPU = Debug|Any CPU
		Release|Any CPU = Release|Any CPU
	EndGlobalSection
	GlobalSection(ProjectConfigurationPlatforms) = postSolution
		{4DB4E64C-7E3E-47B5-AB24-3427A2B09A04}.Debug|Any CPU.ActiveCfg = Debug|Any CPU
		{4DB4E64C-7E3E-47B5-AB24-3427A2B09A04}.Debug|Any CPU.Build.0 = Debug|Any CPU
		{4DB4E64C-7E3E-47B5-AB24-3427A2B09A04}.Release|Any CPU.ActiveCfg = Release|Any CPU
		{4DB4E64C-7E3E-47B5-AB24-3427A2B09A04}.Release|Any CPU.Build.0 = Release|Any CPU
		{D187BE68-96C7-40A0-B57D-06CD4492142A}.Debug|Any CPU.ActiveCfg = Debug|Any CPU
		{D187BE68-96C7-40A0-B57D-06CD4492142A}.Debug|Any CPU.Build.0 = Debug|Any CPU
		{D187BE68-96C7-40A0-B57D-06CD4492142A}.Release|Any CPU.ActiveCfg = Release|Any CPU
		{D187BE68-96C7-40A0-B57D-06CD4492142A}.Release|Any CPU.Build.0 = Release|Any CPU
		{49DC114F-5952-4336-983A-523F32E2C7DB}.Debug|Any CPU.ActiveCfg = Debug|Any CPU
		{49DC114F-5952-4336-983A-523F32E2C7DB}.Debug|Any CPU.Build.0 = Debug|Any CPU
		{49DC114F-5952-4336-983A-523F32E2C7DB}.Release|Any CPU.ActiveCfg = Release|Any CPU
		{49DC114F-5952-4336-983A-523F32E2C7DB}.Release|Any CPU.Build.0 = Release|Any CPU
	EndGlobalSection
	GlobalSection(SolutionProperties) = preSolution
		HideSolutionNode = FALSE
	EndGlobalSection
	GlobalSection(NestedProjects) = preSolution
		{EE7CE619-8FC1-41E6-B3F1-9D3D21004701} = {524721B8-A366-403F-92FC-3CE3157FA579}
		{C7E9E865-D9AE-41EF-874B-4F9C0E2D9F32} = {EE7CE619-8FC1-41E6-B3F1-9D3D21004701}
		{4DB4E64C-7E3E-47B5-AB24-3427A2B09A04} = {C7E9E865-D9AE-41EF-874B-4F9C0E2D9F32}
		{D187BE68-96C7-40A0-B57D-06CD4492142A} = {C7E9E865-D9AE-41EF-874B-4F9C0E2D9F32}
		{49DC114F-5952-4336-983A-523F32E2C7DB} = {C7E9E865-D9AE-41EF-874B-4F9C0E2D9F32}
	EndGlobalSection
	GlobalSection(ExtensibilityGlobals) = postSolution
		SolutionGuid = {3DB596CC-9859-4FB2-9F37-AB9FBCA37D58}
	EndGlobalSection
EndGlobal
